
Microsoft Visual Studio Solution File, Format Version 12.00
# Visual Studio Version 17
VisualStudioVersion = 17.8.34309.116
MinimumVisualStudioVersion = 10.0.40219.1
Project("{8BC9CEB8-8B4A-11D0-8D11-00A0C91BC942}") = "PROEKT FORTEPIANO", "PROEKT FORTEPIANO.vcxproj", "{05676596-86B1-4573-955A-6E1498E8A12B}"
EndProject
Global
	GlobalSection(SolutionConfigurationPlatforms) = preSolution
		Debug|x64 = Debug|x64
		Debug|x86 = Debug|x86
		Release|x64 = Release|x64
		Release|x86 = Release|x86
	EndGlobalSection
	GlobalSection(ProjectConfigurationPlatforms) = postSolution
		{05676596-86B1-4573-955A-6E1498E8A12B}.Debug|x64.ActiveCfg = Debug|x64
		{05676596-86B1-4573-955A-6E1498E8A12B}.Debug|x64.Build.0 = Debug|x64
		{05676596-86B1-4573-955A-6E1498E8A12B}.Debug|x86.ActiveCfg = Debug|Win32
		{05676596-86B1-4573-955A-6E1498E8A12B}.Debug|x86.Build.0 = Debug|Win32
		{05676596-86B1-4573-955A-6E1498E8A12B}.Release|x64.ActiveCfg = Release|x64
		{05676596-86B1-4573-955A-6E1498E8A12B}.Release|x64.Build.0 = Release|x64
		{05676596-86B1-4573-955A-6E1498E8A12B}.Release|x86.ActiveCfg = Release|Win32
		{05676596-86B1-4573-955A-6E1498E8A12B}.Release|x86.Build.0 = Release|Win32
	EndGlobalSection
	GlobalSection(SolutionProperties) = preSolution
		HideSolutionNode = FALSE
	EndGlobalSection
	GlobalSection(ExtensibilityGlobals) = postSolution
		SolutionGuid = {4A7414E6-1130-487E-9627-41C1CCBF388A}
	EndGlobalSection
EndGlobal
